// !$*UTF8*$!
{
	archiveVersion = 1;
	classes = {
	};
	objectVersion = 55;
	objects = {

/* Begin PBXBuildFile section */
		F810BD532859A00F0003D882 /* ArtistItemsViewController.swift in Sources */ = {isa = PBXBuildFile; fileRef = F810BD522859A00F0003D882 /* ArtistItemsViewController.swift */; };
		F810BD552859A30A0003D882 /* ArtistItemsTableViewCell.swift in Sources */ = {isa = PBXBuildFile; fileRef = F810BD542859A30A0003D882 /* ArtistItemsTableViewCell.swift */; };
		F8139F92285C87AB005887EC /* Color.swift in Sources */ = {isa = PBXBuildFile; fileRef = F8139F91285C87AB005887EC /* Color.swift */; };
		F8243D082851AB2900D904A5 /* GenreViewController.swift in Sources */ = {isa = PBXBuildFile; fileRef = F8243D072851AB2900D904A5 /* GenreViewController.swift */; };
		F8243D0A2851B7AD00D904A5 /* DownloadedViewController.swift in Sources */ = {isa = PBXBuildFile; fileRef = F8243D092851B7AD00D904A5 /* DownloadedViewController.swift */; };
		F83DB7F6285B1C0F00A81F6C /* Artists.swift in Sources */ = {isa = PBXBuildFile; fileRef = F83DB7F5285B1C0F00A81F6C /* Artists.swift */; };
		F83DB7F8285C4CC400A81F6C /* NewPlaylistViewController.swift in Sources */ = {isa = PBXBuildFile; fileRef = F83DB7F7285C4CC400A81F6C /* NewPlaylistViewController.swift */; };
		F83DB7FA285C6AF400A81F6C /* Songs.swift in Sources */ = {isa = PBXBuildFile; fileRef = F83DB7F9285C6AF400A81F6C /* Songs.swift */; };
		F83DB7FC285C6F4D00A81F6C /* ArtistItems.swift in Sources */ = {isa = PBXBuildFile; fileRef = F83DB7FB285C6F4D00A81F6C /* ArtistItems.swift */; };
		F84551512851EB64008F4435 /* DonwloadedTableViewCell.swift in Sources */ = {isa = PBXBuildFile; fileRef = F84551502851EB64008F4435 /* DonwloadedTableViewCell.swift */; };
		F86980D4283CC952000D9BCE /* AppDelegate.swift in Sources */ = {isa = PBXBuildFile; fileRef = F86980D3283CC952000D9BCE /* AppDelegate.swift */; };
		F86980D6283CC952000D9BCE /* SceneDelegate.swift in Sources */ = {isa = PBXBuildFile; fileRef = F86980D5283CC952000D9BCE /* SceneDelegate.swift */; };
		F86980D8283CC952000D9BCE /* MainViewController.swift in Sources */ = {isa = PBXBuildFile; fileRef = F86980D7283CC952000D9BCE /* MainViewController.swift */; };
		F86980DB283CC952000D9BCE /* Main.storyboard in Resources */ = {isa = PBXBuildFile; fileRef = F86980D9283CC952000D9BCE /* Main.storyboard */; };
		F86980DD283CC954000D9BCE /* Assets.xcassets in Resources */ = {isa = PBXBuildFile; fileRef = F86980DC283CC954000D9BCE /* Assets.xcassets */; };
		F86980E0283CC954000D9BCE /* LaunchScreen.storyboard in Resources */ = {isa = PBXBuildFile; fileRef = F86980DE283CC954000D9BCE /* LaunchScreen.storyboard */; };
		F86980E9283CEF54000D9BCE /* LibraryGroups.swift in Sources */ = {isa = PBXBuildFile; fileRef = F86980E8283CEF54000D9BCE /* LibraryGroups.swift */; };
		F86980EF283E082E000D9BCE /* LibraryGroupTableViewCell.swift in Sources */ = {isa = PBXBuildFile; fileRef = F86980EE283E082E000D9BCE /* LibraryGroupTableViewCell.swift */; };
		F86980F1283E302B000D9BCE /* LibraryViewController.swift in Sources */ = {isa = PBXBuildFile; fileRef = F86980F0283E302B000D9BCE /* LibraryViewController.swift */; };
		F869816828487284000D9BCE /* RadioCollectionViewCell.swift in Sources */ = {isa = PBXBuildFile; fileRef = F869816728487284000D9BCE /* RadioCollectionViewCell.swift */; };
		F869816A284873B9000D9BCE /* RadioViewController.swift in Sources */ = {isa = PBXBuildFile; fileRef = F8698169284873B9000D9BCE /* RadioViewController.swift */; };
		F869816C28488052000D9BCE /* RadioCollectionViewItems.swift in Sources */ = {isa = PBXBuildFile; fileRef = F869816B28488052000D9BCE /* RadioCollectionViewItems.swift */; };
		F869818E284E072C000D9BCE /* PlaylistViewController.swift in Sources */ = {isa = PBXBuildFile; fileRef = F869818D284E072C000D9BCE /* PlaylistViewController.swift */; };
		F8698192284E1808000D9BCE /* PlaylistTableViewCell.swift in Sources */ = {isa = PBXBuildFile; fileRef = F8698191284E1808000D9BCE /* PlaylistTableViewCell.swift */; };
		F8698196284E217E000D9BCE /* PlaylistItems.swift in Sources */ = {isa = PBXBuildFile; fileRef = F8698195284E217D000D9BCE /* PlaylistItems.swift */; };
		F8698198284E2727000D9BCE /* SearchViewController.swift in Sources */ = {isa = PBXBuildFile; fileRef = F8698197284E2727000D9BCE /* SearchViewController.swift */; };
		F869819A284F15DB000D9BCE /* AlbumViewController.swift in Sources */ = {isa = PBXBuildFile; fileRef = F8698199284F15DB000D9BCE /* AlbumViewController.swift */; };
		F869819C284F45E4000D9BCE /* AlbumsCollectionViewCell.swift in Sources */ = {isa = PBXBuildFile; fileRef = F869819B284F45E3000D9BCE /* AlbumsCollectionViewCell.swift */; };
		F880ACFE28509AEC00BC0CF8 /* ArtistViewController.swift in Sources */ = {isa = PBXBuildFile; fileRef = F880ACFD28509AEC00BC0CF8 /* ArtistViewController.swift */; };
		F880AD002850A0E100BC0CF8 /* ArtistTableViewCell.swift in Sources */ = {isa = PBXBuildFile; fileRef = F880ACFF2850A0E100BC0CF8 /* ArtistTableViewCell.swift */; };
		F880AD042850B1DF00BC0CF8 /* SongViewController.swift in Sources */ = {isa = PBXBuildFile; fileRef = F880AD032850B1DF00BC0CF8 /* SongViewController.swift */; };
		F880AD062850BD6900BC0CF8 /* SongTableViewCell.swift in Sources */ = {isa = PBXBuildFile; fileRef = F880AD052850BD6900BC0CF8 /* SongTableViewCell.swift */; };
		F889115D28521D9D00481E1B /* RecentlyDownloadedCollectionViewCell.swift in Sources */ = {isa = PBXBuildFile; fileRef = F889115C28521D9D00481E1B /* RecentlyDownloadedCollectionViewCell.swift */; };
/* End PBXBuildFile section */

/* Begin PBXFileReference section */
		F810BD522859A00F0003D882 /* ArtistItemsViewController.swift */ = {isa = PBXFileReference; lastKnownFileType = sourcecode.swift; path = ArtistItemsViewController.swift; sourceTree = "<group>"; };
		F810BD542859A30A0003D882 /* ArtistItemsTableViewCell.swift */ = {isa = PBXFileReference; lastKnownFileType = sourcecode.swift; path = ArtistItemsTableViewCell.swift; sourceTree = "<group>"; };
		F8139F91285C87AB005887EC /* Color.swift */ = {isa = PBXFileReference; lastKnownFileType = sourcecode.swift; path = Color.swift; sourceTree = "<group>"; };
		F8243D072851AB2900D904A5 /* GenreViewController.swift */ = {isa = PBXFileReference; lastKnownFileType = sourcecode.swift; path = GenreViewController.swift; sourceTree = "<group>"; };
		F8243D092851B7AD00D904A5 /* DownloadedViewController.swift */ = {isa = PBXFileReference; lastKnownFileType = sourcecode.swift; path = DownloadedViewController.swift; sourceTree = "<group>"; };
		F83DB7F5285B1C0F00A81F6C /* Artists.swift */ = {isa = PBXFileReference; lastKnownFileType = sourcecode.swift; path = Artists.swift; sourceTree = "<group>"; };
		F83DB7F7285C4CC400A81F6C /* NewPlaylistViewController.swift */ = {isa = PBXFileReference; lastKnownFileType = sourcecode.swift; path = NewPlaylistViewController.swift; sourceTree = "<group>"; };
		F83DB7F9285C6AF400A81F6C /* Songs.swift */ = {isa = PBXFileReference; lastKnownFileType = sourcecode.swift; path = Songs.swift; sourceTree = "<group>"; };
		F83DB7FB285C6F4D00A81F6C /* ArtistItems.swift */ = {isa = PBXFileReference; lastKnownFileType = sourcecode.swift; path = ArtistItems.swift; sourceTree = "<group>"; };
		F84551502851EB64008F4435 /* DonwloadedTableViewCell.swift */ = {isa = PBXFileReference; lastKnownFileType = sourcecode.swift; path = DonwloadedTableViewCell.swift; sourceTree = "<group>"; };
		F86980D0283CC952000D9BCE /* AppleMusic.app */ = {isa = PBXFileReference; explicitFileType = wrapper.application; includeInIndex = 0; path = AppleMusic.app; sourceTree = BUILT_PRODUCTS_DIR; };
		F86980D3283CC952000D9BCE /* AppDelegate.swift */ = {isa = PBXFileReference; lastKnownFileType = sourcecode.swift; path = AppDelegate.swift; sourceTree = "<group>"; };
		F86980D5283CC952000D9BCE /* SceneDelegate.swift */ = {isa = PBXFileReference; lastKnownFileType = sourcecode.swift; path = SceneDelegate.swift; sourceTree = "<group>"; };
		F86980D7283CC952000D9BCE /* MainViewController.swift */ = {isa = PBXFileReference; lastKnownFileType = sourcecode.swift; path = MainViewController.swift; sourceTree = "<group>"; };
		F86980DA283CC952000D9BCE /* Base */ = {isa = PBXFileReference; lastKnownFileType = file.storyboard; name = Base; path = Base.lproj/Main.storyboard; sourceTree = "<group>"; };
		F86980DC283CC954000D9BCE /* Assets.xcassets */ = {isa = PBXFileReference; lastKnownFileType = folder.assetcatalog; path = Assets.xcassets; sourceTree = "<group>"; };
		F86980DF283CC954000D9BCE /* Base */ = {isa = PBXFileReference; lastKnownFileType = file.storyboard; name = Base; path = Base.lproj/LaunchScreen.storyboard; sourceTree = "<group>"; };
		F86980E1283CC954000D9BCE /* Info.plist */ = {isa = PBXFileReference; lastKnownFileType = text.plist.xml; path = Info.plist; sourceTree = "<group>"; };
		F86980E8283CEF54000D9BCE /* LibraryGroups.swift */ = {isa = PBXFileReference; lastKnownFileType = sourcecode.swift; path = LibraryGroups.swift; sourceTree = "<group>"; };
		F86980EE283E082E000D9BCE /* LibraryGroupTableViewCell.swift */ = {isa = PBXFileReference; lastKnownFileType = sourcecode.swift; path = LibraryGroupTableViewCell.swift; sourceTree = "<group>"; };
		F86980F0283E302B000D9BCE /* LibraryViewController.swift */ = {isa = PBXFileReference; lastKnownFileType = sourcecode.swift; path = LibraryViewController.swift; sourceTree = "<group>"; };
		F869816728487284000D9BCE /* RadioCollectionViewCell.swift */ = {isa = PBXFileReference; lastKnownFileType = sourcecode.swift; path = RadioCollectionViewCell.swift; sourceTree = "<group>"; };
		F8698169284873B9000D9BCE /* RadioViewController.swift */ = {isa = PBXFileReference; lastKnownFileType = sourcecode.swift; path = RadioViewController.swift; sourceTree = "<group>"; };
		F869816B28488052000D9BCE /* RadioCollectionViewItems.swift */ = {isa = PBXFileReference; lastKnownFileType = sourcecode.swift; path = RadioCollectionViewItems.swift; sourceTree = "<group>"; };
		F869818D284E072C000D9BCE /* PlaylistViewController.swift */ = {isa = PBXFileReference; lastKnownFileType = sourcecode.swift; path = PlaylistViewController.swift; sourceTree = "<group>"; };
		F8698191284E1808000D9BCE /* PlaylistTableViewCell.swift */ = {isa = PBXFileReference; lastKnownFileType = sourcecode.swift; path = PlaylistTableViewCell.swift; sourceTree = "<group>"; };
		F8698195284E217D000D9BCE /* PlaylistItems.swift */ = {isa = PBXFileReference; lastKnownFileType = sourcecode.swift; path = PlaylistItems.swift; sourceTree = "<group>"; };
		F8698197284E2727000D9BCE /* SearchViewController.swift */ = {isa = PBXFileReference; lastKnownFileType = sourcecode.swift; path = SearchViewController.swift; sourceTree = "<group>"; };
		F8698199284F15DB000D9BCE /* AlbumViewController.swift */ = {isa = PBXFileReference; lastKnownFileType = sourcecode.swift; path = AlbumViewController.swift; sourceTree = "<group>"; };
		F869819B284F45E3000D9BCE /* AlbumsCollectionViewCell.swift */ = {isa = PBXFileReference; lastKnownFileType = sourcecode.swift; path = AlbumsCollectionViewCell.swift; sourceTree = "<group>"; };
		F880ACFD28509AEC00BC0CF8 /* ArtistViewController.swift */ = {isa = PBXFileReference; lastKnownFileType = sourcecode.swift; path = ArtistViewController.swift; sourceTree = "<group>"; };
		F880ACFF2850A0E100BC0CF8 /* ArtistTableViewCell.swift */ = {isa = PBXFileReference; lastKnownFileType = sourcecode.swift; path = ArtistTableViewCell.swift; sourceTree = "<group>"; };
		F880AD032850B1DF00BC0CF8 /* SongViewController.swift */ = {isa = PBXFileReference; lastKnownFileType = sourcecode.swift; path = SongViewController.swift; sourceTree = "<group>"; };
		F880AD052850BD6900BC0CF8 /* SongTableViewCell.swift */ = {isa = PBXFileReference; lastKnownFileType = sourcecode.swift; path = SongTableViewCell.swift; sourceTree = "<group>"; };
		F889115C28521D9D00481E1B /* RecentlyDownloadedCollectionViewCell.swift */ = {isa = PBXFileReference; lastKnownFileType = sourcecode.swift; path = RecentlyDownloadedCollectionViewCell.swift; sourceTree = "<group>"; };
/* End PBXFileReference section */

/* Begin PBXFrameworksBuildPhase section */
		F86980CD283CC952000D9BCE /* Frameworks */ = {
			isa = PBXFrameworksBuildPhase;
			buildActionMask = 2147483647;
			files = (
			);
			runOnlyForDeploymentPostprocessing = 0;
		};
/* End PBXFrameworksBuildPhase section */

/* Begin PBXGroup section */
		F8139F90285C8799005887EC /* Extensions */ = {
			isa = PBXGroup;
			children = (
				F8139F91285C87AB005887EC /* Color.swift */,
			);
			path = Extensions;
			sourceTree = "<group>";
		};
		F86980C7283CC952000D9BCE = {
			isa = PBXGroup;
			children = (
				F86980D2283CC952000D9BCE /* AppleMusic */,
				F86980D1283CC952000D9BCE /* Products */,
			);
			sourceTree = "<group>";
		};
		F86980D1283CC952000D9BCE /* Products */ = {
			isa = PBXGroup;
			children = (
				F86980D0283CC952000D9BCE /* AppleMusic.app */,
			);
			name = Products;
			sourceTree = "<group>";
		};
		F86980D2283CC952000D9BCE /* AppleMusic */ = {
			isa = PBXGroup;
			children = (
				F8139F90285C8799005887EC /* Extensions */,
				F86980EA283CF2D7000D9BCE /* ViewControllers */,
				F86980EB283E063A000D9BCE /* ViewCells */,
				F86980E7283CEEC7000D9BCE /* Models */,
				F86980D3283CC952000D9BCE /* AppDelegate.swift */,
				F86980D5283CC952000D9BCE /* SceneDelegate.swift */,
				F86980D9283CC952000D9BCE /* Main.storyboard */,
				F86980DC283CC954000D9BCE /* Assets.xcassets */,
				F86980DE283CC954000D9BCE /* LaunchScreen.storyboard */,
				F86980E1283CC954000D9BCE /* Info.plist */,
			);
			path = AppleMusic;
			sourceTree = "<group>";
		};
		F86980E7283CEEC7000D9BCE /* Models */ = {
			isa = PBXGroup;
			children = (
				F86980E8283CEF54000D9BCE /* LibraryGroups.swift */,
				F869816B28488052000D9BCE /* RadioCollectionViewItems.swift */,
				F8698195284E217D000D9BCE /* PlaylistItems.swift */,
				F83DB7F5285B1C0F00A81F6C /* Artists.swift */,
				F83DB7F9285C6AF400A81F6C /* Songs.swift */,
				F83DB7FB285C6F4D00A81F6C /* ArtistItems.swift */,
			);
			path = Models;
			sourceTree = "<group>";
		};
		F86980EA283CF2D7000D9BCE /* ViewControllers */ = {
			isa = PBXGroup;
			children = (
				F86980D7283CC952000D9BCE /* MainViewController.swift */,
				F86980F0283E302B000D9BCE /* LibraryViewController.swift */,
				F8698169284873B9000D9BCE /* RadioViewController.swift */,
				F869818D284E072C000D9BCE /* PlaylistViewController.swift */,
				F8698197284E2727000D9BCE /* SearchViewController.swift */,
				F8698199284F15DB000D9BCE /* AlbumViewController.swift */,
				F880ACFD28509AEC00BC0CF8 /* ArtistViewController.swift */,
				F880AD032850B1DF00BC0CF8 /* SongViewController.swift */,
				F8243D072851AB2900D904A5 /* GenreViewController.swift */,
				F8243D092851B7AD00D904A5 /* DownloadedViewController.swift */,
				F810BD522859A00F0003D882 /* ArtistItemsViewController.swift */,
				F83DB7F7285C4CC400A81F6C /* NewPlaylistViewController.swift */,
			);
			path = ViewControllers;
			sourceTree = "<group>";
		};
		F86980EB283E063A000D9BCE /* ViewCells */ = {
			isa = PBXGroup;
			children = (
				F86980EE283E082E000D9BCE /* LibraryGroupTableViewCell.swift */,
				F869816728487284000D9BCE /* RadioCollectionViewCell.swift */,
				F8698191284E1808000D9BCE /* PlaylistTableViewCell.swift */,
				F869819B284F45E3000D9BCE /* AlbumsCollectionViewCell.swift */,
				F880ACFF2850A0E100BC0CF8 /* ArtistTableViewCell.swift */,
				F880AD052850BD6900BC0CF8 /* SongTableViewCell.swift */,
				F84551502851EB64008F4435 /* DonwloadedTableViewCell.swift */,
				F889115C28521D9D00481E1B /* RecentlyDownloadedCollectionViewCell.swift */,
				F810BD542859A30A0003D882 /* ArtistItemsTableViewCell.swift */,
			);
			path = ViewCells;
			sourceTree = "<group>";
		};
/* End PBXGroup section */

/* Begin PBXNativeTarget section */
		F86980CF283CC952000D9BCE /* AppleMusic */ = {
			isa = PBXNativeTarget;
			buildConfigurationList = F86980E4283CC954000D9BCE /* Build configuration list for PBXNativeTarget "AppleMusic" */;
			buildPhases = (
				F86980CC283CC952000D9BCE /* Sources */,
				F86980CD283CC952000D9BCE /* Frameworks */,
				F86980CE283CC952000D9BCE /* Resources */,
			);
			buildRules = (
			);
			dependencies = (
			);
			name = AppleMusic;
			productName = AppleMusic;
			productReference = F86980D0283CC952000D9BCE /* AppleMusic.app */;
			productType = "com.apple.product-type.application";
		};
/* End PBXNativeTarget section */

/* Begin PBXProject section */
		F86980C8283CC952000D9BCE /* Project object */ = {
			isa = PBXProject;
			attributes = {
				BuildIndependentTargetsInParallel = 1;
				LastSwiftUpdateCheck = 1300;
				LastUpgradeCheck = 1300;
				TargetAttributes = {
					F86980CF283CC952000D9BCE = {
						CreatedOnToolsVersion = 13.0;
					};
				};
			};
			buildConfigurationList = F86980CB283CC952000D9BCE /* Build configuration list for PBXProject "AppleMusic" */;
			compatibilityVersion = "Xcode 13.0";
			developmentRegion = en;
			hasScannedForEncodings = 0;
			knownRegions = (
				en,
				Base,
			);
			mainGroup = F86980C7283CC952000D9BCE;
			productRefGroup = F86980D1283CC952000D9BCE /* Products */;
			projectDirPath = "";
			projectRoot = "";
			targets = (
				F86980CF283CC952000D9BCE /* AppleMusic */,
			);
		};
/* End PBXProject section */

/* Begin PBXResourcesBuildPhase section */
		F86980CE283CC952000D9BCE /* Resources */ = {
			isa = PBXResourcesBuildPhase;
			buildActionMask = 2147483647;
			files = (
				F86980E0283CC954000D9BCE /* LaunchScreen.storyboard in Resources */,
				F86980DD283CC954000D9BCE /* Assets.xcassets in Resources */,
				F86980DB283CC952000D9BCE /* Main.storyboard in Resources */,
			);
			runOnlyForDeploymentPostprocessing = 0;
		};
/* End PBXResourcesBuildPhase section */

/* Begin PBXSourcesBuildPhase section */
		F86980CC283CC952000D9BCE /* Sources */ = {
			isa = PBXSourcesBuildPhase;
			buildActionMask = 2147483647;
			files = (
				F86980F1283E302B000D9BCE /* LibraryViewController.swift in Sources */,
				F86980D8283CC952000D9BCE /* MainViewController.swift in Sources */,
				F810BD532859A00F0003D882 /* ArtistItemsViewController.swift in Sources */,
				F83DB7FC285C6F4D00A81F6C /* ArtistItems.swift in Sources */,
				F8698192284E1808000D9BCE /* PlaylistTableViewCell.swift in Sources */,
				F880ACFE28509AEC00BC0CF8 /* ArtistViewController.swift in Sources */,
				F84551512851EB64008F4435 /* DonwloadedTableViewCell.swift in Sources */,
				F810BD552859A30A0003D882 /* ArtistItemsTableViewCell.swift in Sources */,
				F8243D0A2851B7AD00D904A5 /* DownloadedViewController.swift in Sources */,
				F880AD002850A0E100BC0CF8 /* ArtistTableViewCell.swift in Sources */,
				F86980D4283CC952000D9BCE /* AppDelegate.swift in Sources */,
				F83DB7FA285C6AF400A81F6C /* Songs.swift in Sources */,
				F83DB7F6285B1C0F00A81F6C /* Artists.swift in Sources */,
				F869819C284F45E4000D9BCE /* AlbumsCollectionViewCell.swift in Sources */,
				F880AD042850B1DF00BC0CF8 /* SongViewController.swift in Sources */,
				F86980E9283CEF54000D9BCE /* LibraryGroups.swift in Sources */,
				F86980D6283CC952000D9BCE /* SceneDelegate.swift in Sources */,
				F869819A284F15DB000D9BCE /* AlbumViewController.swift in Sources */,
				F83DB7F8285C4CC400A81F6C /* NewPlaylistViewController.swift in Sources */,
				F869816C28488052000D9BCE /* RadioCollectionViewItems.swift in Sources */,
				F880AD062850BD6900BC0CF8 /* SongTableViewCell.swift in Sources */,
				F8698198284E2727000D9BCE /* SearchViewController.swift in Sources */,
				F869818E284E072C000D9BCE /* PlaylistViewController.swift in Sources */,
				F8139F92285C87AB005887EC /* Color.swift in Sources */,
				F869816828487284000D9BCE /* RadioCollectionViewCell.swift in Sources */,
				F8243D082851AB2900D904A5 /* GenreViewController.swift in Sources */,
				F869816A284873B9000D9BCE /* RadioViewController.swift in Sources */,
				F8698196284E217E000D9BCE /* PlaylistItems.swift in Sources */,
				F889115D28521D9D00481E1B /* RecentlyDownloadedCollectionViewCell.swift in Sources */,
				F86980EF283E082E000D9BCE /* LibraryGroupTableViewCell.swift in Sources */,
			);
			runOnlyForDeploymentPostprocessing = 0;
		};
/* End PBXSourcesBuildPhase section */

/* Begin PBXVariantGroup section */
		F86980D9283CC952000D9BCE /* Main.storyboard */ = {
			isa = PBXVariantGroup;
			children = (
				F86980DA283CC952000D9BCE /* Base */,
			);
			name = Main.storyboard;
			sourceTree = "<group>";
		};
		F86980DE283CC954000D9BCE /* LaunchScreen.storyboard */ = {
			isa = PBXVariantGroup;
			children = (
				F86980DF283CC954000D9BCE /* Base */,
			);
			name = LaunchScreen.storyboard;
			sourceTree = "<group>";
		};
/* End PBXVariantGroup section */

/* Begin XCBuildConfiguration section */
		F86980E2283CC954000D9BCE /* Debug */ = {
			isa = XCBuildConfiguration;
			buildSettings = {
				ALWAYS_SEARCH_USER_PATHS = NO;
				CLANG_ANALYZER_NONNULL = YES;
				CLANG_ANALYZER_NUMBER_OBJECT_CONVERSION = YES_AGGRESSIVE;
				CLANG_CXX_LANGUAGE_STANDARD = "gnu++17";
				CLANG_CXX_LIBRARY = "libc++";
				CLANG_ENABLE_MODULES = YES;
				CLANG_ENABLE_OBJC_ARC = YES;
				CLANG_ENABLE_OBJC_WEAK = YES;
				CLANG_WARN_BLOCK_CAPTURE_AUTORELEASING = YES;
				CLANG_WARN_BOOL_CONVERSION = YES;
				CLANG_WARN_COMMA = YES;
				CLANG_WARN_CONSTANT_CONVERSION = YES;
				CLANG_WARN_DEPRECATED_OBJC_IMPLEMENTATIONS = YES;
				CLANG_WARN_DIRECT_OBJC_ISA_USAGE = YES_ERROR;
				CLANG_WARN_DOCUMENTATION_COMMENTS = YES;
				CLANG_WARN_EMPTY_BODY = YES;
				CLANG_WARN_ENUM_CONVERSION = YES;
				CLANG_WARN_INFINITE_RECURSION = YES;
				CLANG_WARN_INT_CONVERSION = YES;
				CLANG_WARN_NON_LITERAL_NULL_CONVERSION = YES;
				CLANG_WARN_OBJC_IMPLICIT_RETAIN_SELF = YES;
				CLANG_WARN_OBJC_LITERAL_CONVERSION = YES;
				CLANG_WARN_OBJC_ROOT_CLASS = YES_ERROR;
				CLANG_WARN_QUOTED_INCLUDE_IN_FRAMEWORK_HEADER = YES;
				CLANG_WARN_RANGE_LOOP_ANALYSIS = YES;
				CLANG_WARN_STRICT_PROTOTYPES = YES;
				CLANG_WARN_SUSPICIOUS_MOVE = YES;
				CLANG_WARN_UNGUARDED_AVAILABILITY = YES_AGGRESSIVE;
				CLANG_WARN_UNREACHABLE_CODE = YES;
				CLANG_WARN__DUPLICATE_METHOD_MATCH = YES;
				COPY_PHASE_STRIP = NO;
				DEBUG_INFORMATION_FORMAT = dwarf;
				ENABLE_STRICT_OBJC_MSGSEND = YES;
				ENABLE_TESTABILITY = YES;
				GCC_C_LANGUAGE_STANDARD = gnu11;
				GCC_DYNAMIC_NO_PIC = NO;
				GCC_NO_COMMON_BLOCKS = YES;
				GCC_OPTIMIZATION_LEVEL = 0;
				GCC_PREPROCESSOR_DEFINITIONS = (
					"DEBUG=1",
					"$(inherited)",
				);
				GCC_WARN_64_TO_32_BIT_CONVERSION = YES;
				GCC_WARN_ABOUT_RETURN_TYPE = YES_ERROR;
				GCC_WARN_UNDECLARED_SELECTOR = YES;
				GCC_WARN_UNINITIALIZED_AUTOS = YES_AGGRESSIVE;
				GCC_WARN_UNUSED_FUNCTION = YES;
				GCC_WARN_UNUSED_VARIABLE = YES;
				IPHONEOS_DEPLOYMENT_TARGET = 15.0;
				MTL_ENABLE_DEBUG_INFO = INCLUDE_SOURCE;
				MTL_FAST_MATH = YES;
				ONLY_ACTIVE_ARCH = YES;
				SDKROOT = iphoneos;
				SWIFT_ACTIVE_COMPILATION_CONDITIONS = DEBUG;
				SWIFT_OPTIMIZATION_LEVEL = "-Onone";
			};
			name = Debug;
		};
		F86980E3283CC954000D9BCE /* Release */ = {
			isa = XCBuildConfiguration;
			buildSettings = {
				ALWAYS_SEARCH_USER_PATHS = NO;
				CLANG_ANALYZER_NONNULL = YES;
				CLANG_ANALYZER_NUMBER_OBJECT_CONVERSION = YES_AGGRESSIVE;
				CLANG_CXX_LANGUAGE_STANDARD = "gnu++17";
				CLANG_CXX_LIBRARY = "libc++";
				CLANG_ENABLE_MODULES = YES;
				CLANG_ENABLE_OBJC_ARC = YES;
				CLANG_ENABLE_OBJC_WEAK = YES;
				CLANG_WARN_BLOCK_CAPTURE_AUTORELEASING = YES;
				CLANG_WARN_BOOL_CONVERSION = YES;
				CLANG_WARN_COMMA = YES;
				CLANG_WARN_CONSTANT_CONVERSION = YES;
				CLANG_WARN_DEPRECATED_OBJC_IMPLEMENTATIONS = YES;
				CLANG_WARN_DIRECT_OBJC_ISA_USAGE = YES_ERROR;
				CLANG_WARN_DOCUMENTATION_COMMENTS = YES;
				CLANG_WARN_EMPTY_BODY = YES;
				CLANG_WARN_ENUM_CONVERSION = YES;
				CLANG_WARN_INFINITE_RECURSION = YES;
				CLANG_WARN_INT_CONVERSION = YES;
				CLANG_WARN_NON_LITERAL_NULL_CONVERSION = YES;
				CLANG_WARN_OBJC_IMPLICIT_RETAIN_SELF = YES;
				CLANG_WARN_OBJC_LITERAL_CONVERSION = YES;
				CLANG_WARN_OBJC_ROOT_CLASS = YES_ERROR;
				CLANG_WARN_QUOTED_INCLUDE_IN_FRAMEWORK_HEADER = YES;
				CLANG_WARN_RANGE_LOOP_ANALYSIS = YES;
				CLANG_WARN_STRICT_PROTOTYPES = YES;
				CLANG_WARN_SUSPICIOUS_MOVE = YES;
				CLANG_WARN_UNGUARDED_AVAILABILITY = YES_AGGRESSIVE;
				CLANG_WARN_UNREACHABLE_CODE = YES;
				CLANG_WARN__DUPLICATE_METHOD_MATCH = YES;
				COPY_PHASE_STRIP = NO;
				DEBUG_INFORMATION_FORMAT = "dwarf-with-dsym";
				ENABLE_NS_ASSERTIONS = NO;
				ENABLE_STRICT_OBJC_MSGSEND = YES;
				GCC_C_LANGUAGE_STANDARD = gnu11;
				GCC_NO_COMMON_BLOCKS = YES;
				GCC_WARN_64_TO_32_BIT_CONVERSION = YES;
				GCC_WARN_ABOUT_RETURN_TYPE = YES_ERROR;
				GCC_WARN_UNDECLARED_SELECTOR = YES;
				GCC_WARN_UNINITIALIZED_AUTOS = YES_AGGRESSIVE;
				GCC_WARN_UNUSED_FUNCTION = YES;
				GCC_WARN_UNUSED_VARIABLE = YES;
				IPHONEOS_DEPLOYMENT_TARGET = 15.0;
				MTL_ENABLE_DEBUG_INFO = NO;
				MTL_FAST_MATH = YES;
				SDKROOT = iphoneos;
				SWIFT_COMPILATION_MODE = wholemodule;
				SWIFT_OPTIMIZATION_LEVEL = "-O";
				VALIDATE_PRODUCT = YES;
			};
			name = Release;
		};
		F86980E5283CC954000D9BCE /* Debug */ = {
			isa = XCBuildConfiguration;
			buildSettings = {
				ASSETCATALOG_COMPILER_APPICON_NAME = AppIcon;
				ASSETCATALOG_COMPILER_GLOBAL_ACCENT_COLOR_NAME = AccentColor;
				CODE_SIGN_STYLE = Automatic;
				CURRENT_PROJECT_VERSION = 1;
				DEVELOPMENT_TEAM = 3B99U9V92S;
				GENERATE_INFOPLIST_FILE = YES;
				INFOPLIST_FILE = AppleMusic/Info.plist;
				INFOPLIST_KEY_UIApplicationSupportsIndirectInputEvents = YES;
				INFOPLIST_KEY_UILaunchStoryboardName = LaunchScreen;
				INFOPLIST_KEY_UIMainStoryboardFile = Main;
				INFOPLIST_KEY_UISupportedInterfaceOrientations = UIInterfaceOrientationPortrait;
				INFOPLIST_KEY_UISupportedInterfaceOrientations_iPad = "UIInterfaceOrientationPortrait UIInterfaceOrientationPortraitUpsideDown UIInterfaceOrientationLandscapeLeft UIInterfaceOrientationLandscapeRight";
				INFOPLIST_KEY_UISupportedInterfaceOrientations_iPhone = "UIInterfaceOrientationPortrait UIInterfaceOrientationLandscapeLeft UIInterfaceOrientationLandscapeRight";
				LD_RUNPATH_SEARCH_PATHS = (
					"$(inherited)",
					"@executable_path/Frameworks",
				);
				MARKETING_VERSION = 1.0;
				PRODUCT_BUNDLE_IDENTIFIER = com.iCode.AppleMusic;
				PRODUCT_NAME = "$(TARGET_NAME)";
				SWIFT_EMIT_LOC_STRINGS = YES;
				SWIFT_VERSION = 5.0;
				TARGETED_DEVICE_FAMILY = 1;
			};
			name = Debug;
		};
		F86980E6283CC954000D9BCE /* Release */ = {
			isa = XCBuildConfiguration;
			buildSettings = {
				ASSETCATALOG_COMPILER_APPICON_NAME = AppIcon;
				ASSETCATALOG_COMPILER_GLOBAL_ACCENT_COLOR_NAME = AccentColor;
				CODE_SIGN_STYLE = Automatic;
				CURRENT_PROJECT_VERSION = 1;
				DEVELOPMENT_TEAM = 3B99U9V92S;
				GENERATE_INFOPLIST_FILE = YES;
				INFOPLIST_FILE = AppleMusic/Info.plist;
				INFOPLIST_KEY_UIApplicationSupportsIndirectInputEvents = YES;
				INFOPLIST_KEY_UILaunchStoryboardName = LaunchScreen;
				INFOPLIST_KEY_UIMainStoryboardFile = Main;
				INFOPLIST_KEY_UISupportedInterfaceOrientations = UIInterfaceOrientationPortrait;
				INFOPLIST_KEY_UISupportedInterfaceOrientations_iPad = "UIInterfaceOrientationPortrait UIInterfaceOrientationPortraitUpsideDown UIInterfaceOrientationLandscapeLeft UIInterfaceOrientationLandscapeRight";
				INFOPLIST_KEY_UISupportedInterfaceOrientations_iPhone = "UIInterfaceOrientationPortrait UIInterfaceOrientationLandscapeLeft UIInterfaceOrientationLandscapeRight";
				LD_RUNPATH_SEARCH_PATHS = (
					"$(inherited)",
					"@executable_path/Frameworks",
				);
				MARKETING_VERSION = 1.0;
				PRODUCT_BUNDLE_IDENTIFIER = com.iCode.AppleMusic;
				PRODUCT_NAME = "$(TARGET_NAME)";
				SWIFT_EMIT_LOC_STRINGS = YES;
				SWIFT_VERSION = 5.0;
				TARGETED_DEVICE_FAMILY = 1;
			};
			name = Release;
		};
/* End XCBuildConfiguration section */

/* Begin XCConfigurationList section */
		F86980CB283CC952000D9BCE /* Build configuration list for PBXProject "AppleMusic" */ = {
			isa = XCConfigurationList;
			buildConfigurations = (
				F86980E2283CC954000D9BCE /* Debug */,
				F86980E3283CC954000D9BCE /* Release */,
			);
			defaultConfigurationIsVisible = 0;
			defaultConfigurationName = Release;
		};
		F86980E4283CC954000D9BCE /* Build configuration list for PBXNativeTarget "AppleMusic" */ = {
			isa = XCConfigurationList;
			buildConfigurations = (
				F86980E5283CC954000D9BCE /* Debug */,
				F86980E6283CC954000D9BCE /* Release */,
			);
			defaultConfigurationIsVisible = 0;
			defaultConfigurationName = Release;
		};
/* End XCConfigurationList section */
	};
	rootObject = F86980C8283CC952000D9BCE /* Project object */;
}
